{
    "_meta": {
        "hash": {
            "sha256": "4a507fa35e14c1bb1148553d80fed0c2423b5e3777d2c173bbdb86db149e32ad"
        },
        "pipfile-spec": 6,
        "requires": {
            "python_version": "3.8"
        },
        "sources": [
            {
                "name": "pypi",
                "url": "https://pypi.org/simple",
                "verify_ssl": true
            }
        ]
    },
    "default": {
        "asgiref": {
            "hashes": [
                "sha256:1d2880b792ae8757289136f1db2b7b99100ce959b2aa57fd69dab783d05afac4",
                "sha256:4a29362a6acebe09bf1d6640db38c1dc3d9217c68e6f9f6204d72667fc19a424"
            ],
            "index": "pypi",
            "version": "==3.5.2"
        },
        "backports.zoneinfo": {
            "hashes": [
                "sha256:17746bd546106fa389c51dbea67c8b7c8f0d14b5526a579ca6ccf5ed72c526cf",
                "sha256:1b13e654a55cd45672cb54ed12148cd33628f672548f373963b0bff67b217328",
                "sha256:1c5742112073a563c81f786e77514969acb58649bcdf6cdf0b4ed31a348d4546",
                "sha256:4a0f800587060bf8880f954dbef70de6c11bbe59c673c3d818921f042f9954a6",
                "sha256:5c144945a7752ca544b4b78c8c41544cdfaf9786f25fe5ffb10e838e19a27570",
                "sha256:7b0a64cda4145548fed9efc10322770f929b944ce5cee6c0dfe0c87bf4c0c8c9",
                "sha256:8439c030a11780786a2002261569bdf362264f605dfa4d65090b64b05c9f79a7",
                "sha256:8961c0f32cd0336fb8e8ead11a1f8cd99ec07145ec2931122faaac1c8f7fd987",
                "sha256:89a48c0d158a3cc3f654da4c2de1ceba85263fafb861b98b59040a5086259722",
                "sha256:a76b38c52400b762e48131494ba26be363491ac4f9a04c1b7e92483d169f6582",
                "sha256:da6013fd84a690242c310d77ddb8441a559e9cb3d3d59ebac9aca1a57b2e18bc",
                "sha256:e55b384612d93be96506932a786bbcde5a2db7a9e6a4bb4bffe8b733f5b9036b",
                "sha256:e81b76cace8eda1fca50e345242ba977f9be6ae3945af8d46326d776b4cf78d1",
                "sha256:e8236383a20872c0cdf5a62b554b27538db7fa1bbec52429d8d106effbaeca08",
                "sha256:f04e857b59d9d1ccc39ce2da1021d196e47234873820cbeaad210724b1ee28ac",
                "sha256:fadbfe37f74051d024037f223b8e001611eac868b5c5b06144ef4d8b799862f2"
            ],
            "index": "pypi",
            "version": "==0.2.1"
        },
        "django": {
            "hashes": [
                "sha256:031ccb717782f6af83a0063a1957686e87cb4581ea61b47b3e9addf60687989a",
                "sha256:032f8a6fc7cf05ccd1214e4a2e21dfcd6a23b9d575c6573cacc8c67828dbe642"
            ],
            "index": "pypi",
            "version": "==4.1"
        },
        "django-debug-toolbar": {
            "hashes": [
                "sha256:95fc2fd29c56cc86678aae9f6919ececefe892f2a78c4004b193a223a8380c3d",
                "sha256:fe7fe3f21865218827e2162ecc06eba386dfe8cffe4f3501c49bb4359e06a0e6"
            ],
            "index": "pypi",
            "version": "==3.6.0"
        },
        "mysql-connector-python": {
            "hashes": [
                "sha256:1d9d3af14594aceda2c3096564b4c87ffac21e375806a802daeaf7adcd18d36b",
                "sha256:234c6b156a1989bebca6eb564dc8f2e9d352f90a51bd228ccd68eb66fcd5fd7a",
                "sha256:33c4e567547a9a1868462fda8f2b19ea186a7b1afe498171dca39c0f3aa43a75",
                "sha256:36e763f21e62b3c9623a264f2513ee11924ea1c9cc8640c115a279d3087064be",
                "sha256:41a04d1900e366bf6c2a645ead89ab9a567806d5ada7d417a3a31f170321dd14",
                "sha256:47deb8c3324db7eb2bfb720ec8084d547b1bce457672ea261bc21836024249db",
                "sha256:59a8592e154c874c299763bb8aa12c518384c364bcfd0d193e85c869ea81a895",
                "sha256:611c6945805216104575f7143ff6497c87396ce82d3257e6da7257b65406f13e",
                "sha256:62266d1b18cb4e286a05df0e1c99163a4955c82d41045305bcf0ab2aac107843",
                "sha256:712cdfa97f35fec715e8d7aaa15ed9ce04f3cf71b3c177fcca273047040de9f2",
                "sha256:7f771bd5cba3ade6d9f7a649e65d7c030f69f0e69980632b5cbbd3d19c39cee5",
                "sha256:8876b1d51cae33cdfe7021d68206661e94dcd2666e5e14a743f8321e2b068e84",
                "sha256:8b7d50c221320b0e609dce9ca8801ab2f2a748dfee65cd76b1e4c6940757734a",
                "sha256:954a1fc2e9a811662c5b17cea24819c020ff9d56b2ff8e583dd0a233fb2399f6",
                "sha256:a130c5489861c7ff2990e5b503c37beb2fb7b32211b92f9107ad864ee90654c0",
                "sha256:b5dc0f3295e404f93b674bfaff7589a9fbb8b5ae6c1c134112a1d1beb2f664b2",
                "sha256:ce23ca9c27e1f7b4707b3299ce515125f312736d86a7e5b2aa778484fa3ffa10",
                "sha256:d8f74c9388176635f75c01d47d0abc783a47e58d7f36d04fb6ee40ab6fb35c9b",
                "sha256:f1d40cac9c786e292433716c1ade7a8968cbc3ea177026697b86a63188ddba34",
                "sha256:f1eb74eb30bb04ff314f5e19af5421d23b504e41d16ddcee2603b4100d18fd68",
                "sha256:f5d812245754d4759ebc8c075662fef65397e1e2a438a3c391eac9d545077b8b"
            ],
            "index": "pypi",
            "version": "==8.0.30"
        },
        "mysqlclient": {
            "hashes": [
                "sha256:1e85e48b167e2af3bb08f273fdbd1ad6401cbe75057fa6513f97387dc7b282dc",
                "sha256:2d9ec33de39f4d9c64ad7322ede0521d85829ce36a76f9dd3d6ab76a9c8648e5",
                "sha256:371df79d000af56b4e540b7ce2120d1c9afb04b751bfce25a1eb609c50fd10ff",
                "sha256:b3b1a7e4468180afb79289b54069d9499242946a4cedf3928cbf6b2a13800016",
                "sha256:d56e379c03efad746e84705cbb97401f60d1f98b05e11a27f2d9c2d043936974"
            ],
            "index": "pypi",
            "version": "==1.3.12"
        },
        "protobuf": {
            "hashes": [
                "sha256:06059eb6953ff01e56a25cd02cca1a9649a75a7e65397b5b9b4e929ed71d10cf",
                "sha256:097c5d8a9808302fb0da7e20edf0b8d4703274d140fd25c5edabddcde43e081f",
                "sha256:284f86a6207c897542d7e956eb243a36bb8f9564c1742b253462386e96c6b78f",
                "sha256:32ca378605b41fd180dfe4e14d3226386d8d1b002ab31c969c366549e66a2bb7",
                "sha256:3cc797c9d15d7689ed507b165cd05913acb992d78b379f6014e013f9ecb20996",
                "sha256:62f1b5c4cd6c5402b4e2d63804ba49a327e0c386c99b1675c8a0fefda23b2067",
                "sha256:69ccfdf3657ba59569c64295b7d51325f91af586f8d5793b734260dfe2e94e2c",
                "sha256:6f50601512a3d23625d8a85b1638d914a0970f17920ff39cec63aaef80a93fb7",
                "sha256:7403941f6d0992d40161aa8bb23e12575637008a5a02283a930addc0508982f9",
                "sha256:755f3aee41354ae395e104d62119cb223339a8f3276a0cd009ffabfcdd46bb0c",
                "sha256:77053d28427a29987ca9caf7b72ccafee011257561259faba8dd308fda9a8739",
                "sha256:7e371f10abe57cee5021797126c93479f59fccc9693dafd6bd5633ab67808a91",
                "sha256:9016d01c91e8e625141d24ec1b20fed584703e527d28512aa8c8707f105a683c",
                "sha256:9be73ad47579abc26c12024239d3540e6b765182a91dbc88e23658ab71767153",
                "sha256:adc31566d027f45efe3f44eeb5b1f329da43891634d61c75a5944e9be6dd42c9",
                "sha256:adfc6cf69c7f8c50fd24c793964eef18f0ac321315439d94945820612849c388",
                "sha256:af0ebadc74e281a517141daad9d0f2c5d93ab78e9d455113719a45a49da9db4e",
                "sha256:cb29edb9eab15742d791e1025dd7b6a8f6fcb53802ad2f6e3adcb102051063ab",
                "sha256:cd68be2559e2a3b84f517fb029ee611546f7812b1fdd0aa2ecc9bc6ec0e4fdde",
                "sha256:cdee09140e1cd184ba9324ec1df410e7147242b94b5f8b0c64fc89e38a8ba531",
                "sha256:db977c4ca738dd9ce508557d4fce0f5aebd105e158c725beec86feb1f6bc20d8",
                "sha256:dd5789b2948ca702c17027c84c2accb552fc30f4622a98ab5c51fcfe8c50d3e7",
                "sha256:e250a42f15bf9d5b09fe1b293bdba2801cd520a9f5ea2d7fb7536d4441811d20",
                "sha256:ff8d8fa42675249bb456f5db06c00de6c2f4c27a065955917b28c4f15978b9c3"
            ],
            "index": "pypi",
            "version": "==3.20.1"
        },
        "sqlparse": {
            "hashes": [
                "sha256:0c00730c74263a94e5a9919ade150dfc3b19c574389985446148402998287dae",
                "sha256:48719e356bb8b42991bdbb1e8b83223757b93789c00910a616a071910ca4a64d"
            ],
            "index": "pypi",
            "version": "==0.4.2"
        },
        "tzdata": {
            "hashes": [
                "sha256:21f4f0d7241572efa7f7a4fdabb052e61b55dc48274e6842697ccdf5253e5451",
                "sha256:c3119520447d68ef3eb8187a55a4f44fa455f30eb1b4238fa5691ba094f2b05b"
            ],
            "index": "pypi",
            "version": "==2022.2"
        }
    },
    "develop": {}
}
